Microsoft Visual Studio Solution File, Format Version 12.00
# Visual Studio Version 17
VisualStudioVersion = 17.5.2.0
MinimumVisualStudioVersion = 10.0.40219.1
Project("{FAE04EC0-301F-11D3-BF4B-00C04F79EFBC}") = "CDM", "CDM.csproj", "{6647ABFC-D7A8-1FC1-F23D-46738D2CAA20}"
EndProject
Global
	GlobalSection(SolutionConfigurationPlatforms) = preSolution
		Debug|Any CPU = Debug|Any CPU
		Release|Any CPU = Release|Any CPU
	EndGlobalSection
	GlobalSection(ProjectConfigurationPlatforms) = postSolution
		{6647ABFC-D7A8-1FC1-F23D-46738D2CAA20}.Debug|Any CPU.ActiveCfg = Debug|Any CPU
		{6647ABFC-D7A8-1FC1-F23D-46738D2CAA20}.Debug|Any CPU.Build.0 = Debug|Any CPU
		{6647ABFC-D7A8-1FC1-F23D-46738D2CAA20}.Release|Any CPU.ActiveCfg = Release|Any CPU
		{6647ABFC-D7A8-1FC1-F23D-46738D2CAA20}.Release|Any CPU.Build.0 = Release|Any CPU
	EndGlobalSection
	GlobalSection(SolutionProperties) = preSolution
		HideSolutionNode = FALSE
	EndGlobalSection
	GlobalSection(ExtensibilityGlobals) = postSolution
		SolutionGuid = {5225C8C7-A596-49E7-8ACB-35FCC0C86EE9}
	EndGlobalSection
EndGlobal
